
Microsoft Visual Studio Solution File, Format Version 12.00
# Visual Studio Version 16
VisualStudioVersion = 16.0.30907.101
MinimumVisualStudioVersion = 10.0.40219.1
Project("{8BC9CEB8-8B4A-11D0-8D11-00A0C91BC942}") = "demo01", "demo1\demo1.vcxproj", "{251361A8-310A-4690-B9DE-43DBF6F86F1B}"
EndProject
Project("{8BC9CEB8-8B4A-11D0-8D11-00A0C91BC942}") = "demo02", "demo2\demo2.vcxproj", "{A59FEE29-890D-4C07-A6B7-8EAD78844069}"
EndProject
Project("{8BC9CEB8-8B4A-11D0-8D11-00A0C91BC942}") = "demo03", "demo3\demo3.vcxproj", "{49D63C47-8AEC-496A-BC46-CA6BE600504C}"
EndProject
Project("{8BC9CEB8-8B4A-11D0-8D11-00A0C91BC942}") = "demo04", "demo4\demo4.vcxproj", "{D13DAF36-2CC7-42BB-B62F-283FF203F3B3}"
EndProject
Project("{8BC9CEB8-8B4A-11D0-8D11-00A0C91BC942}") = "demo05", "demo5\demo5.vcxproj", "{ADEA885C-5BC1-4A65-9C63-C7195983D85F}"
EndProject
Project("{8BC9CEB8-8B4A-11D0-8D11-00A0C91BC942}") = "demo06", "demo6\demo6.vcxproj", "{B3B6C6AD-E1D8-4033-9D3B-6D2C593DD412}"
EndProject
Project("{8BC9CEB8-8B4A-11D0-8D11-00A0C91BC942}") = "demo07", "demo7\demo7.vcxproj", "{0A275B6A-998B-4436-91E2-0735BE6AB825}"
EndProject
Project("{8BC9CEB8-8B4A-11D0-8D11-00A0C91BC942}") = "demo08", "demo8\demo8.vcxproj", "{02416159-4D9D-479B-BA25-BA64187D5F3F}"
EndProject
Project("{8BC9CEB8-8B4A-11D0-8D11-00A0C91BC942}") = "demo09", "demo9\demo9.vcxproj", "{DA914DB6-A6E7-4492-8360-1EF7FE1B715E}"
EndProject
Project("{8BC9CEB8-8B4A-11D0-8D11-00A0C91BC942}") = "demo10", "demo10\demo10.vcxproj", "{E246EEAE-16CF-432F-9BAE-CAEDDEBAF7F3}"
EndProject
Project("{8BC9CEB8-8B4A-11D0-8D11-00A0C91BC942}") = "demo11", "demo11\demo11.vcxproj", "{51E8E485-FEDF-4D6D-B249-A8A1DCCFA171}"
EndProject
Project("{8BC9CEB8-8B4A-11D0-8D11-00A0C91BC942}") = "demo12", "demo12\demo12.vcxproj", "{F9E2D7E3-1D2E-4A19-A322-BA8B7A76B12B}"
EndProject
Project("{8BC9CEB8-8B4A-11D0-8D11-00A0C91BC942}") = "demo13", "demo13\demo13.vcxproj", "{8AC281AB-AD65-4BA4-A85E-AD89E126F1EE}"
EndProject
Global
	GlobalSection(SolutionConfigurationPlatforms) = preSolution
		Debug|x64 = Debug|x64
		Debug|x86 = Debug|x86
		Release|x64 = Release|x64
		Release|x86 = Release|x86
	EndGlobalSection
	GlobalSection(ProjectConfigurationPlatforms) = postSolution
		{251361A8-310A-4690-B9DE-43DBF6F86F1B}.Debug|x64.ActiveCfg = Debug|x64
		{251361A8-310A-4690-B9DE-43DBF6F86F1B}.Debug|x64.Build.0 = Debug|x64
		{251361A8-310A-4690-B9DE-43DBF6F86F1B}.Debug|x86.ActiveCfg = Debug|Win32
		{251361A8-310A-4690-B9DE-43DBF6F86F1B}.Debug|x86.Build.0 = Debug|Win32
		{251361A8-310A-4690-B9DE-43DBF6F86F1B}.Release|x64.ActiveCfg = Release|x64
		{251361A8-310A-4690-B9DE-43DBF6F86F1B}.Release|x64.Build.0 = Release|x64
		{251361A8-310A-4690-B9DE-43DBF6F86F1B}.Release|x86.ActiveCfg = Release|Win32
		{251361A8-310A-4690-B9DE-43DBF6F86F1B}.Release|x86.Build.0 = Release|Win32
		{A59FEE29-890D-4C07-A6B7-8EAD78844069}.Debug|x64.ActiveCfg = Debug|x64
		{A59FEE29-890D-4C07-A6B7-8EAD78844069}.Debug|x64.Build.0 = Debug|x64
		{A59FEE29-890D-4C07-A6B7-8EAD78844069}.Debug|x86.ActiveCfg = Debug|Win32
		{A59FEE29-890D-4C07-A6B7-8EAD78844069}.Debug|x86.Build.0 = Debug|Win32
		{A59FEE29-890D-4C07-A6B7-8EAD78844069}.Release|x64.ActiveCfg = Release|x64
		{A59FEE29-890D-4C07-A6B7-8EAD78844069}.Release|x64.Build.0 = Release|x64
		{A59FEE29-890D-4C07-A6B7-8EAD78844069}.Release|x86.ActiveCfg = Release|Win32
		{A59FEE29-890D-4C07-A6B7-8EAD78844069}.Release|x86.Build.0 = Release|Win32
		{49D63C47-8AEC-496A-BC46-CA6BE600504C}.Debug|x64.ActiveCfg = Debug|x64
		{49D63C47-8AEC-496A-BC46-CA6BE600504C}.Debug|x64.Build.0 = Debug|x64
		{49D63C47-8AEC-496A-BC46-CA6BE600504C}.Debug|x86.ActiveCfg = Debug|Win32
		{49D63C47-8AEC-496A-BC46-CA6BE600504C}.Debug|x86.Build.0 = Debug|Win32
		{49D63C47-8AEC-496A-BC46-CA6BE600504C}.Release|x64.ActiveCfg = Release|x64
		{49D63C47-8AEC-496A-BC46-CA6BE600504C}.Release|x64.Build.0 = Release|x64
		{49D63C47-8AEC-496A-BC46-CA6BE600504C}.Release|x86.ActiveCfg = Release|Win32
		{49D63C47-8AEC-496A-BC46-CA6BE600504C}.Release|x86.Build.0 = Release|Win32
		{D13DAF36-2CC7-42BB-B62F-283FF203F3B3}.Debug|x64.ActiveCfg = Debug|x64
		{D13DAF36-2CC7-42BB-B62F-283FF203F3B3}.Debug|x64.Build.0 = Debug|x64
		{D13DAF36-2CC7-42BB-B62F-283FF203F3B3}.Debug|x86.ActiveCfg = Debug|Win32
		{D13DAF36-2CC7-42BB-B62F-283FF203F3B3}.Debug|x86.Build.0 = Debug|Win32
		{D13DAF36-2CC7-42BB-B62F-283FF203F3B3}.Release|x64.ActiveCfg = Release|x64
		{D13DAF36-2CC7-42BB-B62F-283FF203F3B3}.Release|x64.Build.0 = Release|x64
		{D13DAF36-2CC7-42BB-B62F-283FF203F3B3}.Release|x86.ActiveCfg = Release|Win32
		{D13DAF36-2CC7-42BB-B62F-283FF203F3B3}.Release|x86.Build.0 = Release|Win32
		{ADEA885C-5BC1-4A65-9C63-C7195983D85F}.Debug|x64.ActiveCfg = Debug|x64
		{ADEA885C-5BC1-4A65-9C63-C7195983D85F}.Debug|x64.Build.0 = Debug|x64
		{ADEA885C-5BC1-4A65-9C63-C7195983D85F}.Debug|x86.ActiveCfg = Debug|Win32
		{ADEA885C-5BC1-4A65-9C63-C7195983D85F}.Debug|x86.Build.0 = Debug|Win32
		{ADEA885C-5BC1-4A65-9C63-C7195983D85F}.Release|x64.ActiveCfg = Release|x64
		{ADEA885C-5BC1-4A65-9C63-C7195983D85F}.Release|x64.Build.0 = Release|x64
		{ADEA885C-5BC1-4A65-9C63-C7195983D85F}.Release|x86.ActiveCfg = Release|Win32
		{ADEA885C-5BC1-4A65-9C63-C7195983D85F}.Release|x86.Build.0 = Release|Win32
		{B3B6C6AD-E1D8-4033-9D3B-6D2C593DD412}.Debug|x64.ActiveCfg = Debug|x64
		{B3B6C6AD-E1D8-4033-9D3B-6D2C593DD412}.Debug|x64.Build.0 = Debug|x64
		{B3B6C6AD-E1D8-4033-9D3B-6D2C593DD412}.Debug|x86.ActiveCfg = Debug|Win32
		{B3B6C6AD-E1D8-4033-9D3B-6D2C593DD412}.Debug|x86.Build.0 = Debug|Win32
		{B3B6C6AD-E1D8-4033-9D3B-6D2C593DD412}.Release|x64.ActiveCfg = Release|x64
		{B3B6C6AD-E1D8-4033-9D3B-6D2C593DD412}.Release|x64.Build.0 = Release|x64
		{B3B6C6AD-E1D8-4033-9D3B-6D2C593DD412}.Release|x86.ActiveCfg = Release|Win32
		{B3B6C6AD-E1D8-4033-9D3B-6D2C593DD412}.Release|x86.Build.0 = Release|Win32
		{0A275B6A-998B-4436-91E2-0735BE6AB825}.Debug|x64.ActiveCfg = Debug|x64
		{0A275B6A-998B-4436-91E2-0735BE6AB825}.Debug|x64.Build.0 = Debug|x64
		{0A275B6A-998B-4436-91E2-0735BE6AB825}.Debug|x86.ActiveCfg = Debug|Win32
		{0A275B6A-998B-4436-91E2-0735BE6AB825}.Debug|x86.Build.0 = Debug|Win32
		{0A275B6A-998B-4436-91E2-0735BE6AB825}.Release|x64.ActiveCfg = Release|x64
		{0A275B6A-998B-4436-91E2-0735BE6AB825}.Release|x64.Build.0 = Release|x64
		{0A275B6A-998B-4436-91E2-0735BE6AB825}.Release|x86.ActiveCfg = Release|Win32
		{0A275B6A-998B-4436-91E2-0735BE6AB825}.Release|x86.Build.0 = Release|Win32
		{02416159-4D9D-479B-BA25-BA64187D5F3F}.Debug|x64.ActiveCfg = Debug|x64
		{02416159-4D9D-479B-BA25-BA64187D5F3F}.Debug|x64.Build.0 = Debug|x64
		{02416159-4D9D-479B-BA25-BA64187D5F3F}.Debug|x86.ActiveCfg = Debug|Win32
		{02416159-4D9D-479B-BA25-BA64187D5F3F}.Debug|x86.Build.0 = Debug|Win32
		{02416159-4D9D-479B-BA25-BA64187D5F3F}.Release|x64.ActiveCfg = Release|x64
		{02416159-4D9D-479B-BA25-BA64187D5F3F}.Release|x64.Build.0 = Release|x64
		{02416159-4D9D-479B-BA25-BA64187D5F3F}.Release|x86.ActiveCfg = Release|Win32
		{02416159-4D9D-479B-BA25-BA64187D5F3F}.Release|x86.Build.0 = Release|Win32
		{DA914DB6-A6E7-4492-8360-1EF7FE1B715E}.Debug|x64.ActiveCfg = Debug|x64
		{DA914DB6-A6E7-4492-8360-1EF7FE1B715E}.Debug|x64.Build.0 = Debug|x64
		{DA914DB6-A6E7-4492-8360-1EF7FE1B715E}.Debug|x86.ActiveCfg = Debug|Win32
		{DA914DB6-A6E7-4492-8360-1EF7FE1B715E}.Debug|x86.Build.0 = Debug|Win32
		{DA914DB6-A6E7-4492-8360-1EF7FE1B715E}.Release|x64.ActiveCfg = Release|x64
		{DA914DB6-A6E7-4492-8360-1EF7FE1B715E}.Release|x64.Build.0 = Release|x64
		{DA914DB6-A6E7-4492-8360-1EF7FE1B715E}.Release|x86.ActiveCfg = Release|Win32
		{DA914DB6-A6E7-4492-8360-1EF7FE1B715E}.Release|x86.Build.0 = Release|Win32
		{E246EEAE-16CF-432F-9BAE-CAEDDEBAF7F3}.Debug|x64.ActiveCfg = Debug|x64
		{E246EEAE-16CF-432F-9BAE-CAEDDEBAF7F3}.Debug|x64.Build.0 = Debug|x64
		{E246EEAE-16CF-432F-9BAE-CAEDDEBAF7F3}.Debug|x86.ActiveCfg = Debug|Win32
		{E246EEAE-16CF-432F-9BAE-CAEDDEBAF7F3}.Debug|x86.Build.0 = Debug|Win32
		{E246EEAE-16CF-432F-9BAE-CAEDDEBAF7F3}.Release|x64.ActiveCfg = Release|x64
		{E246EEAE-16CF-432F-9BAE-CAEDDEBAF7F3}.Release|x64.Build.0 = Release|x64
		{E246EEAE-16CF-432F-9BAE-CAEDDEBAF7F3}.Release|x86.ActiveCfg = Release|Win32
		{E246EEAE-16CF-432F-9BAE-CAEDDEBAF7F3}.Release|x86.Build.0 = Release|Win32
		{51E8E485-FEDF-4D6D-B249-A8A1DCCFA171}.Debug|x64.ActiveCfg = Debug|x64
		{51E8E485-FEDF-4D6D-B249-A8A1DCCFA171}.Debug|x64.Build.0 = Debug|x64
		{51E8E485-FEDF-4D6D-B249-A8A1DCCFA171}.Debug|x86.ActiveCfg = Debug|Win32
		{51E8E485-FEDF-4D6D-B249-A8A1DCCFA171}.Debug|x86.Build.0 = Debug|Win32
		{51E8E485-FEDF-4D6D-B249-A8A1DCCFA171}.Release|x64.ActiveCfg = Release|x64
		{51E8E485-FEDF-4D6D-B249-A8A1DCCFA171}.Release|x64.Build.0 = Release|x64
		{51E8E485-FEDF-4D6D-B249-A8A1DCCFA171}.Release|x86.ActiveCfg = Release|Win32
		{51E8E485-FEDF-4D6D-B249-A8A1DCCFA171}.Release|x86.Build.0 = Release|Win32
		{F9E2D7E3-1D2E-4A19-A322-BA8B7A76B12B}.Debug|x64.ActiveCfg = Debug|x64
		{F9E2D7E3-1D2E-4A19-A322-BA8B7A76B12B}.Debug|x64.Build.0 = Debug|x64
		{F9E2D7E3-1D2E-4A19-A322-BA8B7A76B12B}.Debug|x86.ActiveCfg = Debug|Win32
		{F9E2D7E3-1D2E-4A19-A322-BA8B7A76B12B}.Debug|x86.Build.0 = Debug|Win32
		{F9E2D7E3-1D2E-4A19-A322-BA8B7A76B12B}.Release|x64.ActiveCfg = Release|x64
		{F9E2D7E3-1D2E-4A19-A322-BA8B7A76B12B}.Release|x64.Build.0 = Release|x64
		{F9E2D7E3-1D2E-4A19-A322-BA8B7A76B12B}.Release|x86.ActiveCfg = Release|Win32
		{F9E2D7E3-1D2E-4A19-A322-BA8B7A76B12B}.Release|x86.Build.0 = Release|Win32
		{8AC281AB-AD65-4BA4-A85E-AD89E126F1EE}.Debug|x64.ActiveCfg = Debug|x64
		{8AC281AB-AD65-4BA4-A85E-AD89E126F1EE}.Debug|x64.Build.0 = Debug|x64
		{8AC281AB-AD65-4BA4-A85E-AD89E126F1EE}.Debug|x86.ActiveCfg = Debug|Win32
		{8AC281AB-AD65-4BA4-A85E-AD89E126F1EE}.Debug|x86.Build.0 = Debug|Win32
		{8AC281AB-AD65-4BA4-A85E-AD89E126F1EE}.Release|x64.ActiveCfg = Release|x64
		{8AC281AB-AD65-4BA4-A85E-AD89E126F1EE}.Release|x64.Build.0 = Release|x64
		{8AC281AB-AD65-4BA4-A85E-AD89E126F1EE}.Release|x86.ActiveCfg = Release|Win32
		{8AC281AB-AD65-4BA4-A85E-AD89E126F1EE}.Release|x86.Build.0 = Release|Win32
	EndGlobalSection
	GlobalSection(SolutionProperties) = preSolution
		HideSolutionNode = FALSE
	EndGlobalSection
	GlobalSection(ExtensibilityGlobals) = postSolution
		SolutionGuid = {4A9CD272-4130-4601-ACED-A7E8C397E19C}
	EndGlobalSection
EndGlobal
